
Microsoft Visual Studio Solution File, Format Version 12.00
# Visual Studio Version 17
VisualStudioVersion = 17.8.34511.84
MinimumVisualStudioVersion = 10.0.40219.1
Project("{FAE04EC0-301F-11D3-BF4B-00C04F79EFBC}") = "primaryrama1", "primaryrama1\primaryrama1.csproj", "{7569C552-11AF-4758-9EEA-7AA61347B598}"
EndProject
Global
	GlobalSection(SolutionConfigurationPlatforms) = preSolution
		Debug|Any CPU = Debug|Any CPU
		Release|Any CPU = Release|Any CPU
	EndGlobalSection
	GlobalSection(ProjectConfigurationPlatforms) = postSolution
		{7569C552-11AF-4758-9EEA-7AA61347B598}.Debug|Any CPU.ActiveCfg = Debug|Any CPU
		{7569C552-11AF-4758-9EEA-7AA61347B598}.Debug|Any CPU.Build.0 = Debug|Any CPU
		{7569C552-11AF-4758-9EEA-7AA61347B598}.Release|Any CPU.ActiveCfg = Release|Any CPU
		{7569C552-11AF-4758-9EEA-7AA61347B598}.Release|Any CPU.Build.0 = Release|Any CPU
	EndGlobalSection
	GlobalSection(SolutionProperties) = preSolution
		HideSolutionNode = FALSE
	EndGlobalSection
	GlobalSection(ExtensibilityGlobals) = postSolution
		SolutionGuid = {52702630-4D9C-45E9-B72B-7FF092B560E1}
	EndGlobalSection
EndGlobal
